
Microsoft Visual Studio Solution File, Format Version 12.00
# Visual Studio Version 16
VisualStudioVersion = 16.0.30621.155
MinimumVisualStudioVersion = 10.0.40219.1
Project("{9A19103F-16F7-4668-BE54-9A1E7A4F7556}") = "PG.Management.Core", "PG.Management.Core\PG.Management.Core.csproj", "{F89EE05A-2B0A-42A1-A0BA-D5F5DEDB0F29}"
EndProject
Project("{9A19103F-16F7-4668-BE54-9A1E7A4F7556}") = "PG.Management.Infrastructure", "PG.Management.Infrastructure\PG.Management.Infrastructure.csproj", "{4DF7B7EF-24AF-4204-AC8A-78B3D8CBBB97}"
EndProject
Project("{9A19103F-16F7-4668-BE54-9A1E7A4F7556}") = "PG.Portal.Management", "PG.Portal.Management\PG.Portal.Management.csproj", "{230D7A22-BF93-4710-AC97-B6866C65751A}"
EndProject
Project("{9A19103F-16F7-4668-BE54-9A1E7A4F7556}") = "PG.SharedKernel", "PG.SharedKernel\PG.SharedKernel.csproj", "{623147A9-4A62-421F-901C-1138FD58A1CB}"
EndProject
Project("{9A19103F-16F7-4668-BE54-9A1E7A4F7556}") = "PG.SharedKernel.Infrastructure", "PG.SharedKernel.Infrastructure\PG.SharedKernel.Infrastructure.csproj", "{7F12BDD2-BFB9-43D8-B819-57C5CA01B84A}"
EndProject
Global
	GlobalSection(SolutionConfigurationPlatforms) = preSolution
		Debug|Any CPU = Debug|Any CPU
		Release|Any CPU = Release|Any CPU
	EndGlobalSection
	GlobalSection(ProjectConfigurationPlatforms) = postSolution
		{F89EE05A-2B0A-42A1-A0BA-D5F5DEDB0F29}.Debug|Any CPU.ActiveCfg = Debug|Any CPU
		{F89EE05A-2B0A-42A1-A0BA-D5F5DEDB0F29}.Debug|Any CPU.Build.0 = Debug|Any CPU
		{F89EE05A-2B0A-42A1-A0BA-D5F5DEDB0F29}.Release|Any CPU.ActiveCfg = Release|Any CPU
		{F89EE05A-2B0A-42A1-A0BA-D5F5DEDB0F29}.Release|Any CPU.Build.0 = Release|Any CPU
		{4DF7B7EF-24AF-4204-AC8A-78B3D8CBBB97}.Debug|Any CPU.ActiveCfg = Debug|Any CPU
		{4DF7B7EF-24AF-4204-AC8A-78B3D8CBBB97}.Debug|Any CPU.Build.0 = Debug|Any CPU
		{4DF7B7EF-24AF-4204-AC8A-78B3D8CBBB97}.Release|Any CPU.ActiveCfg = Release|Any CPU
		{4DF7B7EF-24AF-4204-AC8A-78B3D8CBBB97}.Release|Any CPU.Build.0 = Release|Any CPU
		{230D7A22-BF93-4710-AC97-B6866C65751A}.Debug|Any CPU.ActiveCfg = Debug|Any CPU
		{230D7A22-BF93-4710-AC97-B6866C65751A}.Debug|Any CPU.Build.0 = Debug|Any CPU
		{230D7A22-BF93-4710-AC97-B6866C65751A}.Release|Any CPU.ActiveCfg = Release|Any CPU
		{230D7A22-BF93-4710-AC97-B6866C65751A}.Release|Any CPU.Build.0 = Release|Any CPU
		{623147A9-4A62-421F-901C-1138FD58A1CB}.Debug|Any CPU.ActiveCfg = Debug|Any CPU
		{623147A9-4A62-421F-901C-1138FD58A1CB}.Debug|Any CPU.Build.0 = Debug|Any CPU
		{623147A9-4A62-421F-901C-1138FD58A1CB}.Release|Any CPU.ActiveCfg = Release|Any CPU
		{623147A9-4A62-421F-901C-1138FD58A1CB}.Release|Any CPU.Build.0 = Release|Any CPU
		{7F12BDD2-BFB9-43D8-B819-57C5CA01B84A}.Debug|Any CPU.ActiveCfg = Debug|Any CPU
		{7F12BDD2-BFB9-43D8-B819-57C5CA01B84A}.Debug|Any CPU.Build.0 = Debug|Any CPU
		{7F12BDD2-BFB9-43D8-B819-57C5CA01B84A}.Release|Any CPU.ActiveCfg = Release|Any CPU
		{7F12BDD2-BFB9-43D8-B819-57C5CA01B84A}.Release|Any CPU.Build.0 = Release|Any CPU
	EndGlobalSection
	GlobalSection(SolutionProperties) = preSolution
		HideSolutionNode = FALSE
	EndGlobalSection
	GlobalSection(ExtensibilityGlobals) = postSolution
		SolutionGuid = {A229C686-9551-44A6-8568-BDF537A2E1E2}
	EndGlobalSection
EndGlobal
